{
  "name": "@raycloud-apaas-fe-setup/flow-graph",
  "version": "1.0.0",
  "lockfileVersion": 1,
  "requires": true,
  "dependencies": {
    "onfire.js": {
      "version": "2.0.1",
      "resolved": "https://registry.npmjs.org/onfire.js/-/onfire.js-2.0.1.tgz",
      "integrity": "sha512-Fwl7tXwnzBSwedaJkF3Zx1KKcGyQvpPw8Y8mTu7ZLE+6TMFv2W5TONW3DwDejp8vivXZSlb7dxjlld2jT1YW8Q=="
    }
  }
}
